
Microsoft Visual Studio Solution File, Format Version 12.00
# Visual Studio Version 17
VisualStudioVersion = 17.0.32112.339
MinimumVisualStudioVersion = 10.0.40219.1
Project("{9A19103F-16F7-4668-BE54-9A1E7A4F7556}") = "NLayerApp.WEB", "NLayerApp.WEB\NLayerApp.WEB.csproj", "{5474855D-0E0C-4F24-9735-2C658F6E0FCD}"
EndProject
Project("{9A19103F-16F7-4668-BE54-9A1E7A4F7556}") = "NLayerApp.DAL.", "NLayerApp.DAL\NLayerApp.DAL..csproj", "{9DE90713-D8C8-4CF4-ABEE-93D101EC72C0}"
EndProject
Project("{9A19103F-16F7-4668-BE54-9A1E7A4F7556}") = "NLayerApp.BLL.", "NLayerApp.BLL\NLayerApp.BLL..csproj", "{98A3C472-08EC-4763-8715-2822DC1291A8}"
EndProject
Global
	GlobalSection(SolutionConfigurationPlatforms) = preSolution
		Debug|Any CPU = Debug|Any CPU
		Release|Any CPU = Release|Any CPU
	EndGlobalSection
	GlobalSection(ProjectConfigurationPlatforms) = postSolution
		{5474855D-0E0C-4F24-9735-2C658F6E0FCD}.Debug|Any CPU.ActiveCfg = Debug|Any CPU
		{5474855D-0E0C-4F24-9735-2C658F6E0FCD}.Debug|Any CPU.Build.0 = Debug|Any CPU
		{5474855D-0E0C-4F24-9735-2C658F6E0FCD}.Release|Any CPU.ActiveCfg = Release|Any CPU
		{5474855D-0E0C-4F24-9735-2C658F6E0FCD}.Release|Any CPU.Build.0 = Release|Any CPU
		{9DE90713-D8C8-4CF4-ABEE-93D101EC72C0}.Debug|Any CPU.ActiveCfg = Debug|Any CPU
		{9DE90713-D8C8-4CF4-ABEE-93D101EC72C0}.Debug|Any CPU.Build.0 = Debug|Any CPU
		{9DE90713-D8C8-4CF4-ABEE-93D101EC72C0}.Release|Any CPU.ActiveCfg = Release|Any CPU
		{9DE90713-D8C8-4CF4-ABEE-93D101EC72C0}.Release|Any CPU.Build.0 = Release|Any CPU
		{98A3C472-08EC-4763-8715-2822DC1291A8}.Debug|Any CPU.ActiveCfg = Debug|Any CPU
		{98A3C472-08EC-4763-8715-2822DC1291A8}.Debug|Any CPU.Build.0 = Debug|Any CPU
		{98A3C472-08EC-4763-8715-2822DC1291A8}.Release|Any CPU.ActiveCfg = Release|Any CPU
		{98A3C472-08EC-4763-8715-2822DC1291A8}.Release|Any CPU.Build.0 = Release|Any CPU
	EndGlobalSection
	GlobalSection(SolutionProperties) = preSolution
		HideSolutionNode = FALSE
	EndGlobalSection
	GlobalSection(ExtensibilityGlobals) = postSolution
		SolutionGuid = {3834CBB3-CAEC-416C-8E9C-32D7F0BD8A61}
	EndGlobalSection
EndGlobal
